
Microsoft Visual Studio Solution File, Format Version 12.00
# Visual Studio Version 17
VisualStudioVersion = 17.5.33424.131
MinimumVisualStudioVersion = 10.0.40219.1
Project("{9A19103F-16F7-4668-BE54-9A1E7A4F7556}") = "Gaming_Store", "Gaming_Store\Gaming_Store.csproj", "{193B9DE0-A9DC-49DD-BB3A-605C3C31AC21}"
EndProject
Project("{9A19103F-16F7-4668-BE54-9A1E7A4F7556}") = "Gaming_Store_Data", "Gaming_Store_Data\Gaming_Store_Data.csproj", "{DCC3C396-CF8E-436B-BD18-605C2806C1DF}"
EndProject
Project("{9A19103F-16F7-4668-BE54-9A1E7A4F7556}") = "GamingStore.DL", "GamingStore.DL\GamingStore.DL.csproj", "{945DF7B5-AB61-469A-B823-2F6F1004027B}"
EndProject
Project("{9A19103F-16F7-4668-BE54-9A1E7A4F7556}") = "GamingStore.BL", "GamingStore.BL\GamingStore.BL.csproj", "{60368D91-23F4-4C97-AAA6-64FF35D7DA17}"
EndProject
Project("{FAE04EC0-301F-11D3-BF4B-00C04F79EFBC}") = "Test", "Test\Test.csproj", "{474A07C9-121E-4218-AE1E-272A13DE4E66}"
EndProject
Global
	GlobalSection(SolutionConfigurationPlatforms) = preSolution
		Debug|Any CPU = Debug|Any CPU
		Release|Any CPU = Release|Any CPU
	EndGlobalSection
	GlobalSection(ProjectConfigurationPlatforms) = postSolution
		{193B9DE0-A9DC-49DD-BB3A-605C3C31AC21}.Debug|Any CPU.ActiveCfg = Debug|Any CPU
		{193B9DE0-A9DC-49DD-BB3A-605C3C31AC21}.Debug|Any CPU.Build.0 = Debug|Any CPU
		{193B9DE0-A9DC-49DD-BB3A-605C3C31AC21}.Release|Any CPU.ActiveCfg = Release|Any CPU
		{193B9DE0-A9DC-49DD-BB3A-605C3C31AC21}.Release|Any CPU.Build.0 = Release|Any CPU
		{DCC3C396-CF8E-436B-BD18-605C2806C1DF}.Debug|Any CPU.ActiveCfg = Debug|Any CPU
		{DCC3C396-CF8E-436B-BD18-605C2806C1DF}.Debug|Any CPU.Build.0 = Debug|Any CPU
		{DCC3C396-CF8E-436B-BD18-605C2806C1DF}.Release|Any CPU.ActiveCfg = Release|Any CPU
		{DCC3C396-CF8E-436B-BD18-605C2806C1DF}.Release|Any CPU.Build.0 = Release|Any CPU
		{945DF7B5-AB61-469A-B823-2F6F1004027B}.Debug|Any CPU.ActiveCfg = Debug|Any CPU
		{945DF7B5-AB61-469A-B823-2F6F1004027B}.Debug|Any CPU.Build.0 = Debug|Any CPU
		{945DF7B5-AB61-469A-B823-2F6F1004027B}.Release|Any CPU.ActiveCfg = Release|Any CPU
		{945DF7B5-AB61-469A-B823-2F6F1004027B}.Release|Any CPU.Build.0 = Release|Any CPU
		{60368D91-23F4-4C97-AAA6-64FF35D7DA17}.Debug|Any CPU.ActiveCfg = Debug|Any CPU
		{60368D91-23F4-4C97-AAA6-64FF35D7DA17}.Debug|Any CPU.Build.0 = Debug|Any CPU
		{60368D91-23F4-4C97-AAA6-64FF35D7DA17}.Release|Any CPU.ActiveCfg = Release|Any CPU
		{60368D91-23F4-4C97-AAA6-64FF35D7DA17}.Release|Any CPU.Build.0 = Release|Any CPU
		{474A07C9-121E-4218-AE1E-272A13DE4E66}.Debug|Any CPU.ActiveCfg = Debug|Any CPU
		{474A07C9-121E-4218-AE1E-272A13DE4E66}.Debug|Any CPU.Build.0 = Debug|Any CPU
		{474A07C9-121E-4218-AE1E-272A13DE4E66}.Release|Any CPU.ActiveCfg = Release|Any CPU
		{474A07C9-121E-4218-AE1E-272A13DE4E66}.Release|Any CPU.Build.0 = Release|Any CPU
	EndGlobalSection
	GlobalSection(SolutionProperties) = preSolution
		HideSolutionNode = FALSE
	EndGlobalSection
	GlobalSection(ExtensibilityGlobals) = postSolution
		SolutionGuid = {82BE8365-8608-4E1B-BB50-D1A3553989D4}
	EndGlobalSection
EndGlobal
